{
  "pins" : [
    {
      "identity" : "ios-sdk",
      "kind" : "remoteSourceControl",
      "location" : "https://github.com/TalkShopLive/ios-sdk",
      "state" : {
        "branch" : "main",
        "revision" : "819bb4073176a345a40c2b0c6302895a7372ec7d"
      }
    },
    {
      "identity" : "swift",
      "kind" : "remoteSourceControl",
      "location" : "https://github.com/pubnub/swift.git",
      "state" : {
        "revision" : "c58d58e3761010289d395ab2530cb19f38255108",
        "version" : "7.1.0"
      }
    }
  ],
  "version" : 2
}
