{
  "pins" : [
    {
      "identity" : "ios-sdk",
      "kind" : "remoteSourceControl",
      "location" : "https://github.com/TalkShopLive/ios-sdk",
      "state" : {
        "branch" : "features/IOS-27-add-pubnub-event-listeners-part1",
        "revision" : "cb4e4394d2b0811ed92a912cda7d330f2273683a"
      }
    },
    {
      "identity" : "swift",
      "kind" : "remoteSourceControl",
      "location" : "https://github.com/pubnub/swift.git",
      "state" : {
        "revision" : "d5c5083d5024ecb6d66ceb34c7322fc9049134ae",
        "version" : "7.0.0"
      }
    }
  ],
  "version" : 2
}
